
Microsoft Visual Studio Solution File, Format Version 12.00
# Visual Studio Version 16
VisualStudioVersion = 16.0.28803.352
MinimumVisualStudioVersion = 10.0.40219.1
Project("{8BC9CEB8-8B4A-11D0-8D11-00A0C91BC942}") = "DS1", "DS1\DS1.vcxproj", "{877D426F-DE39-4CAB-A8E6-3BE058768D80}"
EndProject
Project("{8BC9CEB8-8B4A-11D0-8D11-00A0C91BC942}") = "DS5", "DS5\DS5.vcxproj", "{7A213101-BE35-4632-80CB-D640B64FAFB1}"
EndProject
Project("{8BC9CEB8-8B4A-11D0-8D11-00A0C91BC942}") = "DS3_old", "DS3_old\DS3_old.vcxproj", "{AE3A3A49-5D3F-4AD3-AA95-B8A451C30436}"
EndProject
Project("{8BC9CEB8-8B4A-11D0-8D11-00A0C91BC942}") = "DS6", "DS6\DS6.vcxproj", "{8671AF28-61DD-42AD-8D4E-6A3287E66277}"
EndProject
Project("{8BC9CEB8-8B4A-11D0-8D11-00A0C91BC942}") = "DS7", "DS7\DS7.vcxproj", "{A139327B-0281-4038-9FB8-FA152BC7CF91}"
EndProject
Project("{8BC9CEB8-8B4A-11D0-8D11-00A0C91BC942}") = "DS8", "DS8\DS8.vcxproj", "{D47AF303-099A-496B-A1BC-A0BEBA538B5D}"
EndProject
Project("{8BC9CEB8-8B4A-11D0-8D11-00A0C91BC942}") = "DS9", "DS9\DS9.vcxproj", "{F682555C-9596-4F05-B0A4-BC64A0FE2414}"
EndProject
Project("{8BC9CEB8-8B4A-11D0-8D11-00A0C91BC942}") = "DS10", "DS10\DS10.vcxproj", "{77C05FEB-59C2-4A14-A222-06DA9ED27B1F}"
EndProject
Project("{8BC9CEB8-8B4A-11D0-8D11-00A0C91BC942}") = "DS11", "DS11\DS11.vcxproj", "{3CF75B16-4263-4AE2-9088-AD1E0D579DAF}"
EndProject
Project("{8BC9CEB8-8B4A-11D0-8D11-00A0C91BC942}") = "DS12", "DS12\DS12.vcxproj", "{C92E5315-9FF1-434A-929A-54C80BF50332}"
EndProject
Project("{8BC9CEB8-8B4A-11D0-8D11-00A0C91BC942}") = "DS13", "DS13\DS13.vcxproj", "{7CC8225C-24A9-4BFC-9B51-71875AC4AA99}"
	ProjectSection(ProjectDependencies) = postProject
		{C92E5315-9FF1-434A-929A-54C80BF50332} = {C92E5315-9FF1-434A-929A-54C80BF50332}
	EndProjectSection
EndProject
Project("{8BC9CEB8-8B4A-11D0-8D11-00A0C91BC942}") = "DS14", "DS14\DS14.vcxproj", "{C6BB74D5-E66C-41AF-B482-CF9BCEACDEC7}"
	ProjectSection(ProjectDependencies) = postProject
		{3CF75B16-4263-4AE2-9088-AD1E0D579DAF} = {3CF75B16-4263-4AE2-9088-AD1E0D579DAF}
	EndProjectSection
EndProject
Global
	GlobalSection(SolutionConfigurationPlatforms) = preSolution
		Debug|x64 = Debug|x64
		Debug|x86 = Debug|x86
		Release|x64 = Release|x64
		Release|x86 = Release|x86
	EndGlobalSection
	GlobalSection(ProjectConfigurationPlatforms) = postSolution
		{877D426F-DE39-4CAB-A8E6-3BE058768D80}.Debug|x64.ActiveCfg = Debug|x64
		{877D426F-DE39-4CAB-A8E6-3BE058768D80}.Debug|x64.Build.0 = Debug|x64
		{877D426F-DE39-4CAB-A8E6-3BE058768D80}.Debug|x86.ActiveCfg = Debug|Win32
		{877D426F-DE39-4CAB-A8E6-3BE058768D80}.Debug|x86.Build.0 = Debug|Win32
		{877D426F-DE39-4CAB-A8E6-3BE058768D80}.Release|x64.ActiveCfg = Release|x64
		{877D426F-DE39-4CAB-A8E6-3BE058768D80}.Release|x64.Build.0 = Release|x64
		{877D426F-DE39-4CAB-A8E6-3BE058768D80}.Release|x86.ActiveCfg = Release|Win32
		{877D426F-DE39-4CAB-A8E6-3BE058768D80}.Release|x86.Build.0 = Release|Win32
		{7A213101-BE35-4632-80CB-D640B64FAFB1}.Debug|x64.ActiveCfg = Debug|x64
		{7A213101-BE35-4632-80CB-D640B64FAFB1}.Debug|x64.Build.0 = Debug|x64
		{7A213101-BE35-4632-80CB-D640B64FAFB1}.Debug|x86.ActiveCfg = Debug|Win32
		{7A213101-BE35-4632-80CB-D640B64FAFB1}.Debug|x86.Build.0 = Debug|Win32
		{7A213101-BE35-4632-80CB-D640B64FAFB1}.Release|x64.ActiveCfg = Release|x64
		{7A213101-BE35-4632-80CB-D640B64FAFB1}.Release|x64.Build.0 = Release|x64
		{7A213101-BE35-4632-80CB-D640B64FAFB1}.Release|x86.ActiveCfg = Release|Win32
		{7A213101-BE35-4632-80CB-D640B64FAFB1}.Release|x86.Build.0 = Release|Win32
		{AE3A3A49-5D3F-4AD3-AA95-B8A451C30436}.Debug|x64.ActiveCfg = Debug|x64
		{AE3A3A49-5D3F-4AD3-AA95-B8A451C30436}.Debug|x64.Build.0 = Debug|x64
		{AE3A3A49-5D3F-4AD3-AA95-B8A451C30436}.Debug|x86.ActiveCfg = Debug|Win32
		{AE3A3A49-5D3F-4AD3-AA95-B8A451C30436}.Debug|x86.Build.0 = Debug|Win32
		{AE3A3A49-5D3F-4AD3-AA95-B8A451C30436}.Release|x64.ActiveCfg = Release|x64
		{AE3A3A49-5D3F-4AD3-AA95-B8A451C30436}.Release|x64.Build.0 = Release|x64
		{AE3A3A49-5D3F-4AD3-AA95-B8A451C30436}.Release|x86.ActiveCfg = Release|Win32
		{AE3A3A49-5D3F-4AD3-AA95-B8A451C30436}.Release|x86.Build.0 = Release|Win32
		{8671AF28-61DD-42AD-8D4E-6A3287E66277}.Debug|x64.ActiveCfg = Debug|x64
		{8671AF28-61DD-42AD-8D4E-6A3287E66277}.Debug|x64.Build.0 = Debug|x64
		{8671AF28-61DD-42AD-8D4E-6A3287E66277}.Debug|x86.ActiveCfg = Debug|Win32
		{8671AF28-61DD-42AD-8D4E-6A3287E66277}.Debug|x86.Build.0 = Debug|Win32
		{8671AF28-61DD-42AD-8D4E-6A3287E66277}.Release|x64.ActiveCfg = Release|x64
		{8671AF28-61DD-42AD-8D4E-6A3287E66277}.Release|x64.Build.0 = Release|x64
		{8671AF28-61DD-42AD-8D4E-6A3287E66277}.Release|x86.ActiveCfg = Release|Win32
		{8671AF28-61DD-42AD-8D4E-6A3287E66277}.Release|x86.Build.0 = Release|Win32
		{A139327B-0281-4038-9FB8-FA152BC7CF91}.Debug|x64.ActiveCfg = Debug|x64
		{A139327B-0281-4038-9FB8-FA152BC7CF91}.Debug|x64.Build.0 = Debug|x64
		{A139327B-0281-4038-9FB8-FA152BC7CF91}.Debug|x86.ActiveCfg = Debug|Win32
		{A139327B-0281-4038-9FB8-FA152BC7CF91}.Debug|x86.Build.0 = Debug|Win32
		{A139327B-0281-4038-9FB8-FA152BC7CF91}.Release|x64.ActiveCfg = Release|x64
		{A139327B-0281-4038-9FB8-FA152BC7CF91}.Release|x64.Build.0 = Release|x64
		{A139327B-0281-4038-9FB8-FA152BC7CF91}.Release|x86.ActiveCfg = Release|Win32
		{A139327B-0281-4038-9FB8-FA152BC7CF91}.Release|x86.Build.0 = Release|Win32
		{D47AF303-099A-496B-A1BC-A0BEBA538B5D}.Debug|x64.ActiveCfg = Debug|x64
		{D47AF303-099A-496B-A1BC-A0BEBA538B5D}.Debug|x64.Build.0 = Debug|x64
		{D47AF303-099A-496B-A1BC-A0BEBA538B5D}.Debug|x86.ActiveCfg = Debug|Win32
		{D47AF303-099A-496B-A1BC-A0BEBA538B5D}.Debug|x86.Build.0 = Debug|Win32
		{D47AF303-099A-496B-A1BC-A0BEBA538B5D}.Release|x64.ActiveCfg = Release|x64
		{D47AF303-099A-496B-A1BC-A0BEBA538B5D}.Release|x64.Build.0 = Release|x64
		{D47AF303-099A-496B-A1BC-A0BEBA538B5D}.Release|x86.ActiveCfg = Release|Win32
		{D47AF303-099A-496B-A1BC-A0BEBA538B5D}.Release|x86.Build.0 = Release|Win32
		{F682555C-9596-4F05-B0A4-BC64A0FE2414}.Debug|x64.ActiveCfg = Debug|x64
		{F682555C-9596-4F05-B0A4-BC64A0FE2414}.Debug|x64.Build.0 = Debug|x64
		{F682555C-9596-4F05-B0A4-BC64A0FE2414}.Debug|x86.ActiveCfg = Debug|Win32
		{F682555C-9596-4F05-B0A4-BC64A0FE2414}.Debug|x86.Build.0 = Debug|Win32
		{F682555C-9596-4F05-B0A4-BC64A0FE2414}.Release|x64.ActiveCfg = Release|x64
		{F682555C-9596-4F05-B0A4-BC64A0FE2414}.Release|x64.Build.0 = Release|x64
		{F682555C-9596-4F05-B0A4-BC64A0FE2414}.Release|x86.ActiveCfg = Release|Win32
		{F682555C-9596-4F05-B0A4-BC64A0FE2414}.Release|x86.Build.0 = Release|Win32
		{77C05FEB-59C2-4A14-A222-06DA9ED27B1F}.Debug|x64.ActiveCfg = Debug|x64
		{77C05FEB-59C2-4A14-A222-06DA9ED27B1F}.Debug|x64.Build.0 = Debug|x64
		{77C05FEB-59C2-4A14-A222-06DA9ED27B1F}.Debug|x86.ActiveCfg = Debug|Win32
		{77C05FEB-59C2-4A14-A222-06DA9ED27B1F}.Debug|x86.Build.0 = Debug|Win32
		{77C05FEB-59C2-4A14-A222-06DA9ED27B1F}.Release|x64.ActiveCfg = Release|x64
		{77C05FEB-59C2-4A14-A222-06DA9ED27B1F}.Release|x64.Build.0 = Release|x64
		{77C05FEB-59C2-4A14-A222-06DA9ED27B1F}.Release|x86.ActiveCfg = Release|Win32
		{77C05FEB-59C2-4A14-A222-06DA9ED27B1F}.Release|x86.Build.0 = Release|Win32
		{3CF75B16-4263-4AE2-9088-AD1E0D579DAF}.Debug|x64.ActiveCfg = Debug|x64
		{3CF75B16-4263-4AE2-9088-AD1E0D579DAF}.Debug|x64.Build.0 = Debug|x64
		{3CF75B16-4263-4AE2-9088-AD1E0D579DAF}.Debug|x86.ActiveCfg = Debug|Win32
		{3CF75B16-4263-4AE2-9088-AD1E0D579DAF}.Debug|x86.Build.0 = Debug|Win32
		{3CF75B16-4263-4AE2-9088-AD1E0D579DAF}.Release|x64.ActiveCfg = Release|x64
		{3CF75B16-4263-4AE2-9088-AD1E0D579DAF}.Release|x64.Build.0 = Release|x64
		{3CF75B16-4263-4AE2-9088-AD1E0D579DAF}.Release|x86.ActiveCfg = Release|Win32
		{3CF75B16-4263-4AE2-9088-AD1E0D579DAF}.Release|x86.Build.0 = Release|Win32
		{C92E5315-9FF1-434A-929A-54C80BF50332}.Debug|x64.ActiveCfg = Debug|x64
		{C92E5315-9FF1-434A-929A-54C80BF50332}.Debug|x64.Build.0 = Debug|x64
		{C92E5315-9FF1-434A-929A-54C80BF50332}.Debug|x86.ActiveCfg = Debug|Win32
		{C92E5315-9FF1-434A-929A-54C80BF50332}.Debug|x86.Build.0 = Debug|Win32
		{C92E5315-9FF1-434A-929A-54C80BF50332}.Release|x64.ActiveCfg = Release|x64
		{C92E5315-9FF1-434A-929A-54C80BF50332}.Release|x64.Build.0 = Release|x64
		{C92E5315-9FF1-434A-929A-54C80BF50332}.Release|x86.ActiveCfg = Release|Win32
		{C92E5315-9FF1-434A-929A-54C80BF50332}.Release|x86.Build.0 = Release|Win32
		{7CC8225C-24A9-4BFC-9B51-71875AC4AA99}.Debug|x64.ActiveCfg = Debug|x64
		{7CC8225C-24A9-4BFC-9B51-71875AC4AA99}.Debug|x64.Build.0 = Debug|x64
		{7CC8225C-24A9-4BFC-9B51-71875AC4AA99}.Debug|x86.ActiveCfg = Debug|Win32
		{7CC8225C-24A9-4BFC-9B51-71875AC4AA99}.Debug|x86.Build.0 = Debug|Win32
		{7CC8225C-24A9-4BFC-9B51-71875AC4AA99}.Release|x64.ActiveCfg = Release|x64
		{7CC8225C-24A9-4BFC-9B51-71875AC4AA99}.Release|x64.Build.0 = Release|x64
		{7CC8225C-24A9-4BFC-9B51-71875AC4AA99}.Release|x86.ActiveCfg = Release|Win32
		{7CC8225C-24A9-4BFC-9B51-71875AC4AA99}.Release|x86.Build.0 = Release|Win32
		{C6BB74D5-E66C-41AF-B482-CF9BCEACDEC7}.Debug|x64.ActiveCfg = Debug|x64
		{C6BB74D5-E66C-41AF-B482-CF9BCEACDEC7}.Debug|x64.Build.0 = Debug|x64
		{C6BB74D5-E66C-41AF-B482-CF9BCEACDEC7}.Debug|x86.ActiveCfg = Debug|Win32
		{C6BB74D5-E66C-41AF-B482-CF9BCEACDEC7}.Debug|x86.Build.0 = Debug|Win32
		{C6BB74D5-E66C-41AF-B482-CF9BCEACDEC7}.Release|x64.ActiveCfg = Release|x64
		{C6BB74D5-E66C-41AF-B482-CF9BCEACDEC7}.Release|x64.Build.0 = Release|x64
		{C6BB74D5-E66C-41AF-B482-CF9BCEACDEC7}.Release|x86.ActiveCfg = Release|Win32
		{C6BB74D5-E66C-41AF-B482-CF9BCEACDEC7}.Release|x86.Build.0 = Release|Win32
	EndGlobalSection
	GlobalSection(SolutionProperties) = preSolution
		HideSolutionNode = FALSE
	EndGlobalSection
	GlobalSection(ExtensibilityGlobals) = postSolution
		SolutionGuid = {E93F940A-7575-4612-97DC-960E5E7AC333}
	EndGlobalSection
EndGlobal
