<?xml version="1.0" encoding="utf-8"?>
<Project ToolsVersion="4.0" xmlns="http://schemas.microsoft.com/developer/msbuild/2003">
  <ItemGroup>
    <Filter Include="Source Files">
      <UniqueIdentifier>{4FC737F1-C7A5-4376-A066-2A32D752A2FF}</UniqueIdentifier>
      <Extensions>cpp;c;cc;cxx;def;odl;idl;hpj;bat;asm;asmx</Extensions>
    </Filter>
    <Filter Include="Header Files">
      <UniqueIdentifier>{93995380-89BD-4b04-88EB-625FBE52EBFB}</UniqueIdentifier>
      <Extensions>h;hh;hpp;hxx;hm;inl;inc;ipp;xsd</Extensions>
    </Filter>
    <Filter Include="Resource Files">
      <UniqueIdentifier>{67DA6AB6-F800-4c08-8B7A-83BB121AAD01}</UniqueIdentifier>
      <Extensions>rc;ico;cur;bmp;dlg;rc2;rct;bin;rgs;gif;jpg;jpeg;jpe;resx;tiff;tif;png;wav;mfcribbon-ms</Extensions>
    </Filter>
  </ItemGroup>
  <ItemGroup>
    <ClCompile Include="DS7.cpp">
      <Filter>Source Files</Filter>
    </ClCompile>
  </ItemGroup>
  <ItemGroup>
    <ClInclude Include="matrix.h">
      <Filter>Header Files</Filter>
    </ClInclude>
    <ClInclude Include="matrixAs2DArray.h">
      <Filter>Header Files</Filter>
    </ClInclude>
    <ClInclude Include="diagonalMatrix.h">
      <Filter>Header Files</Filter>
    </ClInclude>
    <ClInclude Include="tridiagonalMatrix.h">
      <Filter>Header Files</Filter>
    </ClInclude>
    <ClInclude Include="tridiagonalByColumns.h">
      <Filter>Header Files</Filter>
    </ClInclude>
    <ClInclude Include="tridiagonalByRows.h">
      <Filter>Header Files</Filter>
    </ClInclude>
    <ClInclude Include="tridiagonalAsIrregularArray.h">
      <Filter>Header Files</Filter>
    </ClInclude>
    <ClInclude Include="lowerTriangularMatrix.h">
      <Filter>Header Files</Filter>
    </ClInclude>
    <ClInclude Include="upperTriangularMatrix.h">
      <Filter>Header Files</Filter>
    </ClInclude>
    <ClInclude Include="lowerTriangleAsIrregularArray.h">
      <Filter>Header Files</Filter>
    </ClInclude>
    <ClInclude Include="upperTriangleAsIrregularArray.h">
      <Filter>Header Files</Filter>
    </ClInclude>
    <ClInclude Include="TwoLowerTriangleAsIrregularArray.h">
      <Filter>Header Files</Filter>
    </ClInclude>
    <ClInclude Include="lowerSymmetricMatrix.h">
      <Filter>Header Files</Filter>
    </ClInclude>
    <ClInclude Include="cMatrix.h">
      <Filter>Header Files</Filter>
    </ClInclude>
    <ClInclude Include="antidiagonalMatrix.h">
      <Filter>Header Files</Filter>
    </ClInclude>
    <ClInclude Include="toeplitzMatrix.h">
      <Filter>Header Files</Filter>
    </ClInclude>
    <ClInclude Include="squareBandMatrix.h">
      <Filter>Header Files</Filter>
    </ClInclude>
    <ClInclude Include="squareBandAsIrregularArray.h">
      <Filter>Header Files</Filter>
    </ClInclude>
    <ClInclude Include="sparseMatrix.h">
      <Filter>Header Files</Filter>
    </ClInclude>
    <ClInclude Include="sparseMatrixColumnMajor.h">
      <Filter>Header Files</Filter>
    </ClInclude>
    <ClInclude Include="matrixTerm.h">
      <Filter>Header Files</Filter>
    </ClInclude>
    <ClInclude Include="newSparseMatrix.h">
      <Filter>Header Files</Filter>
    </ClInclude>
    <ClInclude Include="linkedMatrix.h">
      <Filter>Header Files</Filter>
    </ClInclude>
    <ClInclude Include="rowElement.h">
      <Filter>Header Files</Filter>
    </ClInclude>
    <ClInclude Include="headElement.h">
      <Filter>Header Files</Filter>
    </ClInclude>
    <ClInclude Include="linkedMatrixArray.h">
      <Filter>Header Files</Filter>
    </ClInclude>
    <ClInclude Include="headElementArray.h">
      <Filter>Header Files</Filter>
    </ClInclude>
    <ClInclude Include="verticalLinkedMatrixNode.h">
      <Filter>Header Files</Filter>
    </ClInclude>
    <ClInclude Include="verticalLinkedMatrix.h">
      <Filter>Header Files</Filter>
    </ClInclude>
    <ClInclude Include="newMatrixTerm.h">
      <Filter>Header Files</Filter>
    </ClInclude>
  </ItemGroup>
</Project>