<?xml version="1.0" encoding="utf-8"?>
<Project ToolsVersion="4.0" xmlns="http://schemas.microsoft.com/developer/msbuild/2003">
  <ItemGroup>
    <Filter Include="Source Files">
      <UniqueIdentifier>{4FC737F1-C7A5-4376-A066-2A32D752A2FF}</UniqueIdentifier>
      <Extensions>cpp;c;cc;cxx;def;odl;idl;hpj;bat;asm;asmx</Extensions>
    </Filter>
    <Filter Include="Header Files">
      <UniqueIdentifier>{93995380-89BD-4b04-88EB-625FBE52EBFB}</UniqueIdentifier>
      <Extensions>h;hh;hpp;hxx;hm;inl;inc;ipp;xsd</Extensions>
    </Filter>
    <Filter Include="Resource Files">
      <UniqueIdentifier>{67DA6AB6-F800-4c08-8B7A-83BB121AAD01}</UniqueIdentifier>
      <Extensions>rc;ico;cur;bmp;dlg;rc2;rct;bin;rgs;gif;jpg;jpeg;jpe;resx;tiff;tif;png;wav;mfcribbon-ms</Extensions>
    </Filter>
  </ItemGroup>
  <ItemGroup>
    <ClCompile Include="DS12.cpp">
      <Filter>Source Files</Filter>
    </ClCompile>
    <ClCompile Include="..\DS8\drawing.cpp">
      <Filter>Source Files</Filter>
    </ClCompile>
    <ClCompile Include="HuffmanCoding.cpp">
      <Filter>Source Files</Filter>
    </ClCompile>
    <ClCompile Include="DS12_Application.cpp">
      <Filter>Source Files</Filter>
    </ClCompile>
  </ItemGroup>
  <ItemGroup>
    <ClInclude Include="MaxPriorityQueue.h">
      <Filter>Header Files</Filter>
    </ClInclude>
    <ClInclude Include="ArrayListMaxPriorityQueue.h">
      <Filter>Header Files</Filter>
    </ClInclude>
    <ClInclude Include="PriorityElement.h">
      <Filter>Header Files</Filter>
    </ClInclude>
    <ClInclude Include="ChainMaxPriorityQueue.h">
      <Filter>Header Files</Filter>
    </ClInclude>
    <ClInclude Include="SortedArrayListMaxPriorityQueue.h">
      <Filter>Header Files</Filter>
    </ClInclude>
    <ClInclude Include="SortedChainMaxPriorityQueue.h">
      <Filter>Header Files</Filter>
    </ClInclude>
    <ClInclude Include="QueueMaxPriorityQueue.h">
      <Filter>Header Files</Filter>
    </ClInclude>
    <ClInclude Include="MaxDHeap.h">
      <Filter>Header Files</Filter>
    </ClInclude>
    <ClInclude Include="..\DS11\BinaryTreeNode.h">
      <Filter>Header Files</Filter>
    </ClInclude>
    <ClInclude Include="..\DS11\LinkedBinaryTree.h">
      <Filter>Header Files</Filter>
    </ClInclude>
    <ClInclude Include="Hblt.h">
      <Filter>Header Files</Filter>
    </ClInclude>
    <ClInclude Include="HbltWithRemoveNode.h">
      <Filter>Header Files</Filter>
    </ClInclude>
    <ClInclude Include="Wblt.h">
      <Filter>Header Files</Filter>
    </ClInclude>
    <ClInclude Include="HbltWithMinElement.h">
      <Filter>Header Files</Filter>
    </ClInclude>
    <ClInclude Include="TestPriorityQueue.h">
      <Filter>Header Files</Filter>
    </ClInclude>
    <ClInclude Include="DS12_Application.h">
      <Filter>Header Files</Filter>
    </ClInclude>
    <ClInclude Include="MaxHeap2.h">
      <Filter>Header Files</Filter>
    </ClInclude>
    <ClInclude Include="Heap.h">
      <Filter>Header Files</Filter>
    </ClInclude>
    <ClInclude Include="HuffmanTree.h">
      <Filter>Header Files</Filter>
    </ClInclude>
    <ClInclude Include="Rsebt.h">
      <Filter>Header Files</Filter>
    </ClInclude>
    <ClInclude Include="HuffmanCoding.h">
      <Filter>Header Files</Filter>
    </ClInclude>
  </ItemGroup>
</Project>